{
  "name": "estimator_demos",
  "version": "1.0.0",
  "lockfileVersion": 1,
  "requires": true,
  "dependencies": {
    "estimator_lib": {
      "version": "git+https://github.com/throughputer/estimator_lib.git#e2157afe78c93ffdcd095952e977c70753824d70",
      "from": "git+https://github.com/throughputer/estimator_lib.git"
    }
  }
}
